{
  "requires": true,
  "lockfileVersion": 1,
  "dependencies": {
    "@types/i2c-bus": {
      "version": "5.1.0",
      "resolved": "https://registry.npmjs.org/@types/i2c-bus/-/i2c-bus-5.1.0.tgz",
      "integrity": "sha512-zBwBpfaFzKtYaS2j/sh+m/zKRcbXuG26/wWlJq3F9+oWXQ9DSxuJXOU+t1PMorj3DBZzpLO8LqbVTGRE1PUb3g==",
      "requires": {
        "@types/node": "*"
      }
    },
    "@types/node": {
      "version": "14.6.4",
      "resolved": "https://registry.npmjs.org/@types/node/-/node-14.6.4.tgz",
      "integrity": "sha512-Wk7nG1JSaMfMpoMJDKUsWYugliB2Vy55pdjLpmLixeyMi7HizW2I/9QoxsPCkXl3dO+ZOVqPumKaDUv5zJu2uQ=="
    }
  }
}
